
Microsoft Visual Studio Solution File, Format Version 12.00
# Visual Studio Version 17
VisualStudioVersion = 17.2.32602.215
MinimumVisualStudioVersion = 10.0.40219.1
Project("{FAE04EC0-301F-11D3-BF4B-00C04F79EFBC}") = "WebServiceTest", "WebServiceTest\WebServiceTest.csproj", "{61746378-3830-4084-A3AF-3756F9A38CBE}"
EndProject
Project("{FAE04EC0-301F-11D3-BF4B-00C04F79EFBC}") = "WinFormWebServiceTest1", "WinFormWebServiceTest1\WinFormWebServiceTest1.csproj", "{F366AADB-7601-442C-AE2B-F6E321DED230}"
EndProject
Project("{FAE04EC0-301F-11D3-BF4B-00C04F79EFBC}") = "WinFormWebServiceTest2", "WinFormWebServiceTest2\WinFormWebServiceTest2.csproj", "{7C1799B4-C169-4727-8E1F-0A4099AB4A52}"
EndProject
Global
	GlobalSection(SolutionConfigurationPlatforms) = preSolution
		Debug|Any CPU = Debug|Any CPU
		Release|Any CPU = Release|Any CPU
	EndGlobalSection
	GlobalSection(ProjectConfigurationPlatforms) = postSolution
		{61746378-3830-4084-A3AF-3756F9A38CBE}.Debug|Any CPU.ActiveCfg = Debug|Any CPU
		{61746378-3830-4084-A3AF-3756F9A38CBE}.Debug|Any CPU.Build.0 = Debug|Any CPU
		{61746378-3830-4084-A3AF-3756F9A38CBE}.Release|Any CPU.ActiveCfg = Release|Any CPU
		{61746378-3830-4084-A3AF-3756F9A38CBE}.Release|Any CPU.Build.0 = Release|Any CPU
		{F366AADB-7601-442C-AE2B-F6E321DED230}.Debug|Any CPU.ActiveCfg = Debug|Any CPU
		{F366AADB-7601-442C-AE2B-F6E321DED230}.Debug|Any CPU.Build.0 = Debug|Any CPU
		{F366AADB-7601-442C-AE2B-F6E321DED230}.Release|Any CPU.ActiveCfg = Release|Any CPU
		{F366AADB-7601-442C-AE2B-F6E321DED230}.Release|Any CPU.Build.0 = Release|Any CPU
		{7C1799B4-C169-4727-8E1F-0A4099AB4A52}.Debug|Any CPU.ActiveCfg = Debug|Any CPU
		{7C1799B4-C169-4727-8E1F-0A4099AB4A52}.Debug|Any CPU.Build.0 = Debug|Any CPU
		{7C1799B4-C169-4727-8E1F-0A4099AB4A52}.Release|Any CPU.ActiveCfg = Release|Any CPU
		{7C1799B4-C169-4727-8E1F-0A4099AB4A52}.Release|Any CPU.Build.0 = Release|Any CPU
	EndGlobalSection
	GlobalSection(SolutionProperties) = preSolution
		HideSolutionNode = FALSE
	EndGlobalSection
	GlobalSection(ExtensibilityGlobals) = postSolution
		SolutionGuid = {39044CFF-8D6B-425C-8619-E656411D62FD}
	EndGlobalSection
EndGlobal
